// !$*UTF8*$!
{
	archiveVersion = 1;
	classes = {
	};
	objectVersion = 46;
	objects = {

/* Begin PBXBuildFile section */
		C991DEB51D79068F00A341DF /* AppDelegate.swift in Sources */ = {isa = PBXBuildFile; fileRef = C991DEB41D79068F00A341DF /* AppDelegate.swift */; };
		C991DEB71D79068F00A341DF /* ViewController.swift in Sources */ = {isa = PBXBuildFile; fileRef = C991DEB61D79068F00A341DF /* ViewController.swift */; };
		C991DEBA1D79068F00A341DF /* Main.storyboard in Resources */ = {isa = PBXBuildFile; fileRef = C991DEB81D79068F00A341DF /* Main.storyboard */; };
		C991DEBC1D79068F00A341DF /* Assets.xcassets in Resources */ = {isa = PBXBuildFile; fileRef = C991DEBB1D79068F00A341DF /* Assets.xcassets */; };
		C991DEBF1D79068F00A341DF /* LaunchScreen.storyboard in Resources */ = {isa = PBXBuildFile; fileRef = C991DEBD1D79068F00A341DF /* LaunchScreen.storyboard */; };
/* End PBXBuildFile section */

/* Begin PBXFileReference section */
		C991DEB11D79068F00A341DF /* Website Word Statistics.app */ = {isa = PBXFileReference; explicitFileType = wrapper.application; includeInIndex = 0; path = "Website Word Statistics.app"; sourceTree = BUILT_PRODUCTS_DIR; };
		C991DEB41D79068F00A341DF /* AppDelegate.swift */ = {isa = PBXFileReference; lastKnownFileType = sourcecode.swift; path = AppDelegate.swift; sourceTree = "<group>"; };
		C991DEB61D79068F00A341DF /* ViewController.swift */ = {isa = PBXFileReference; lastKnownFileType = sourcecode.swift; path = ViewController.swift; sourceTree = "<group>"; };
		C991DEB91D79068F00A341DF /* Base */ = {isa = PBXFileReference; lastKnownFileType = file.storyboard; name = Base; path = Base.lproj/Main.storyboard; sourceTree = "<group>"; };
		C991DEBB1D79068F00A341DF /* Assets.xcassets */ = {isa = PBXFileReference; lastKnownFileType = folder.assetcatalog; path = Assets.xcassets; sourceTree = "<group>"; };
		C991DEBE1D79068F00A341DF /* Base */ = {isa = PBXFileReference; lastKnownFileType = file.storyboard; name = Base; path = Base.lproj/LaunchScreen.storyboard; sourceTree = "<group>"; };
		C991DEC01D79068F00A341DF /* Info.plist */ = {isa = PBXFileReference; lastKnownFileType = text.plist.xml; path = Info.plist; sourceTree = "<group>"; };
/* End PBXFileReference section */

/* Begin PBXFrameworksBuildPhase section */
		C991DEAE1D79068F00A341DF /* Frameworks */ = {
			isa = PBXFrameworksBuildPhase;
			buildActionMask = 2147483647;
			files = (
			);
			runOnlyForDeploymentPostprocessing = 0;
		};
/* End PBXFrameworksBuildPhase section */

/* Begin PBXGroup section */
		C991DEA81D79068F00A341DF = {
			isa = PBXGroup;
			children = (
				C991DEB31D79068F00A341DF /* Website Word Statistics */,
				C991DEB21D79068F00A341DF /* Products */,
			);
			sourceTree = "<group>";
		};
		C991DEB21D79068F00A341DF /* Products */ = {
			isa = PBXGroup;
			children = (
				C991DEB11D79068F00A341DF /* Website Word Statistics.app */,
			);
			name = Products;
			sourceTree = "<group>";
		};
		C991DEB31D79068F00A341DF /* Website Word Statistics */ = {
			isa = PBXGroup;
			children = (
				C991DEB41D79068F00A341DF /* AppDelegate.swift */,
				C991DEB61D79068F00A341DF /* ViewController.swift */,
				C991DEB81D79068F00A341DF /* Main.storyboard */,
				C991DEBB1D79068F00A341DF /* Assets.xcassets */,
				C991DEBD1D79068F00A341DF /* LaunchScreen.storyboard */,
				C991DEC01D79068F00A341DF /* Info.plist */,
			);
			path = "Website Word Statistics";
			sourceTree = "<group>";
		};
/* End PBXGroup section */

/* Begin PBXNativeTarget section */
		C991DEB01D79068F00A341DF /* Website Word Statistics */ = {
			isa = PBXNativeTarget;
			buildConfigurationList = C991DEC31D79068F00A341DF /* Build configuration list for PBXNativeTarget "Website Word Statistics" */;
			buildPhases = (
				C991DEAD1D79068F00A341DF /* Sources */,
				C991DEAE1D79068F00A341DF /* Frameworks */,
				C991DEAF1D79068F00A341DF /* Resources */,
			);
			buildRules = (
			);
			dependencies = (
			);
			name = "Website Word Statistics";
			productName = "Website Word Statistics";
			productReference = C991DEB11D79068F00A341DF /* Website Word Statistics.app */;
			productType = "com.apple.product-type.application";
		};
/* End PBXNativeTarget section */

/* Begin PBXProject section */
		C991DEA91D79068F00A341DF /* Project object */ = {
			isa = PBXProject;
			attributes = {
				LastSwiftUpdateCheck = 0730;
				LastUpgradeCheck = 0730;
				ORGANIZATIONNAME = "Matt Makai";
				TargetAttributes = {
					C991DEB01D79068F00A341DF = {
						CreatedOnToolsVersion = 7.3.1;
					};
				};
			};
			buildConfigurationList = C991DEAC1D79068F00A341DF /* Build configuration list for PBXProject "Website Word Statistics" */;
			compatibilityVersion = "Xcode 3.2";
			developmentRegion = English;
			hasScannedForEncodings = 0;
			knownRegions = (
				en,
				Base,
			);
			mainGroup = C991DEA81D79068F00A341DF;
			productRefGroup = C991DEB21D79068F00A341DF /* Products */;
			projectDirPath = "";
			projectRoot = "";
			targets = (
				C991DEB01D79068F00A341DF /* Website Word Statistics */,
			);
		};
/* End PBXProject section */

/* Begin PBXResourcesBuildPhase section */
		C991DEAF1D79068F00A341DF /* Resources */ = {
			isa = PBXResourcesBuildPhase;
			buildActionMask = 2147483647;
			files = (
				C991DEBF1D79068F00A341DF /* LaunchScreen.storyboard in Resources */,
				C991DEBC1D79068F00A341DF /* Assets.xcassets in Resources */,
				C991DEBA1D79068F00A341DF /* Main.storyboard in Resources */,
			);
			runOnlyForDeploymentPostprocessing = 0;
		};
/* End PBXResourcesBuildPhase section */

/* Begin PBXSourcesBuildPhase section */
		C991DEAD1D79068F00A341DF /* Sources */ = {
			isa = PBXSourcesBuildPhase;
			buildActionMask = 2147483647;
			files = (
				C991DEB71D79068F00A341DF /* ViewController.swift in Sources */,
				C991DEB51D79068F00A341DF /* AppDelegate.swift in Sources */,
			);
			runOnlyForDeploymentPostprocessing = 0;
		};
/* End PBXSourcesBuildPhase section */

/* Begin PBXVariantGroup section */
		C991DEB81D79068F00A341DF /* Main.storyboard */ = {
			isa = PBXVariantGroup;
			children = (
				C991DEB91D79068F00A341DF /* Base */,
			);
			name = Main.storyboard;
			sourceTree = "<group>";
		};
		C991DEBD1D79068F00A341DF /* LaunchScreen.storyboard */ = {
			isa = PBXVariantGroup;
			children = (
				C991DEBE1D79068F00A341DF /* Base */,
			);
			name = LaunchScreen.storyboard;
			sourceTree = "<group>";
		};
/* End PBXVariantGroup section */

/* Begin XCBuildConfiguration section */
		C991DEC11D79068F00A341DF /* Debug */ = {
			isa = XCBuildConfiguration;
			buildSettings = {
				ALWAYS_SEARCH_USER_PATHS = NO;
				CLANG_ANALYZER_NONNULL = YES;
				CLANG_CXX_LANGUAGE_STANDARD = "gnu++0x";
				CLANG_CXX_LIBRARY = "libc++";
				CLANG_ENABLE_MODULES = YES;
				CLANG_ENABLE_OBJC_ARC = YES;
				CLANG_WARN_BOOL_CONVERSION = YES;
				CLANG_WARN_CONSTANT_CONVERSION = YES;
				CLANG_WARN_DIRECT_OBJC_ISA_USAGE = YES_ERROR;
				CLANG_WARN_EMPTY_BODY = YES;
				CLANG_WARN_ENUM_CONVERSION = YES;
				CLANG_WARN_INT_CONVERSION = YES;
				CLANG_WARN_OBJC_ROOT_CLASS = YES_ERROR;
				CLANG_WARN_UNREACHABLE_CODE = YES;
				CLANG_WARN__DUPLICATE_METHOD_MATCH = YES;
				"CODE_SIGN_IDENTITY[sdk=iphoneos*]" = "iPhone Developer";
				COPY_PHASE_STRIP = NO;
				DEBUG_INFORMATION_FORMAT = dwarf;
				ENABLE_STRICT_OBJC_MSGSEND = YES;
				ENABLE_TESTABILITY = YES;
				GCC_C_LANGUAGE_STANDARD = gnu99;
				GCC_DYNAMIC_NO_PIC = NO;
				GCC_NO_COMMON_BLOCKS = YES;
				GCC_OPTIMIZATION_LEVEL = 0;
				GCC_PREPROCESSOR_DEFINITIONS = (
					"DEBUG=1",
					"$(inherited)",
				);
				GCC_WARN_64_TO_32_BIT_CONVERSION = YES;
				GCC_WARN_ABOUT_RETURN_TYPE = YES_ERROR;
				GCC_WARN_UNDECLARED_SELECTOR = YES;
				GCC_WARN_UNINITIALIZED_AUTOS = YES_AGGRESSIVE;
				GCC_WARN_UNUSED_FUNCTION = YES;
				GCC_WARN_UNUSED_VARIABLE = YES;
				IPHONEOS_DEPLOYMENT_TARGET = 9.3;
				MTL_ENABLE_DEBUG_INFO = YES;
				ONLY_ACTIVE_ARCH = YES;
				SDKROOT = iphoneos;
				SWIFT_OPTIMIZATION_LEVEL = "-Onone";
				TARGETED_DEVICE_FAMILY = "1,2";
			};
			name = Debug;
		};
		C991DEC21D79068F00A341DF /* Release */ = {
			isa = XCBuildConfiguration;
			buildSettings = {
				ALWAYS_SEARCH_USER_PATHS = NO;
				CLANG_ANALYZER_NONNULL = YES;
				CLANG_CXX_LANGUAGE_STANDARD = "gnu++0x";
				CLANG_CXX_LIBRARY = "libc++";
				CLANG_ENABLE_MODULES = YES;
				CLANG_ENABLE_OBJC_ARC = YES;
				CLANG_WARN_BOOL_CONVERSION = YES;
				CLANG_WARN_CONSTANT_CONVERSION = YES;
				CLANG_WARN_DIRECT_OBJC_ISA_USAGE = YES_ERROR;
				CLANG_WARN_EMPTY_BODY = YES;
				CLANG_WARN_ENUM_CONVERSION = YES;
				CLANG_WARN_INT_CONVERSION = YES;
				CLANG_WARN_OBJC_ROOT_CLASS = YES_ERROR;
				CLANG_WARN_UNREACHABLE_CODE = YES;
				CLANG_WARN__DUPLICATE_METHOD_MATCH = YES;
				"CODE_SIGN_IDENTITY[sdk=iphoneos*]" = "iPhone Developer";
				COPY_PHASE_STRIP = NO;
				DEBUG_INFORMATION_FORMAT = "dwarf-with-dsym";
				ENABLE_NS_ASSERTIONS = NO;
				ENABLE_STRICT_OBJC_MSGSEND = YES;
				GCC_C_LANGUAGE_STANDARD = gnu99;
				GCC_NO_COMMON_BLOCKS = YES;
				GCC_WARN_64_TO_32_BIT_CONVERSION = YES;
				GCC_WARN_ABOUT_RETURN_TYPE = YES_ERROR;
				GCC_WARN_UNDECLARED_SELECTOR = YES;
				GCC_WARN_UNINITIALIZED_AUTOS = YES_AGGRESSIVE;
				GCC_WARN_UNUSED_FUNCTION = YES;
				GCC_WARN_UNUSED_VARIABLE = YES;
				IPHONEOS_DEPLOYMENT_TARGET = 9.3;
				MTL_ENABLE_DEBUG_INFO = NO;
				SDKROOT = iphoneos;
				TARGETED_DEVICE_FAMILY = "1,2";
				VALIDATE_PRODUCT = YES;
			};
			name = Release;
		};
		C991DEC41D79068F00A341DF /* Debug */ = {
			isa = XCBuildConfiguration;
			buildSettings = {
				ASSETCATALOG_COMPILER_APPICON_NAME = AppIcon;
				INFOPLIST_FILE = "Website Word Statistics/Info.plist";
				LD_RUNPATH_SEARCH_PATHS = "$(inherited) @executable_path/Frameworks";
				PRODUCT_BUNDLE_IDENTIFIER = "com.mattmakai.Website-Word-Statistics";
				PRODUCT_NAME = "$(TARGET_NAME)";
			};
			name = Debug;
		};
		C991DEC51D79068F00A341DF /* Release */ = {
			isa = XCBuildConfiguration;
			buildSettings = {
				ASSETCATALOG_COMPILER_APPICON_NAME = AppIcon;
				INFOPLIST_FILE = "Website Word Statistics/Info.plist";
				LD_RUNPATH_SEARCH_PATHS = "$(inherited) @executable_path/Frameworks";
				PRODUCT_BUNDLE_IDENTIFIER = "com.mattmakai.Website-Word-Statistics";
				PRODUCT_NAME = "$(TARGET_NAME)";
			};
			name = Release;
		};
/* End XCBuildConfiguration section */

/* Begin XCConfigurationList section */
		C991DEAC1D79068F00A341DF /* Build configuration list for PBXProject "Website Word Statistics" */ = {
			isa = XCConfigurationList;
			buildConfigurations = (
				C991DEC11D79068F00A341DF /* Debug */,
				C991DEC21D79068F00A341DF /* Release */,
			);
			defaultConfigurationIsVisible = 0;
			defaultConfigurationName = Release;
		};
		C991DEC31D79068F00A341DF /* Build configuration list for PBXNativeTarget "Website Word Statistics" */ = {
			isa = XCConfigurationList;
			buildConfigurations = (
				C991DEC41D79068F00A341DF /* Debug */,
				C991DEC51D79068F00A341DF /* Release */,
			);
			defaultConfigurationIsVisible = 0;
		};
/* End XCConfigurationList section */
	};
	rootObject = C991DEA91D79068F00A341DF /* Project object */;
}
